// !$*UTF8*$!
{
	archiveVersion = 1;
	classes = {
	};
	objectVersion = 50;
	objects = {

/* Begin PBXBuildFile section */
		5C5ED2BB212DBE7400699ACC /* AppDelegate.swift in Sources */ = {isa = PBXBuildFile; fileRef = 5C5ED2BA212DBE7400699ACC /* AppDelegate.swift */; };
		5C5ED2BD212DBE7400699ACC /* ViewController.swift in Sources */ = {isa = PBXBuildFile; fileRef = 5C5ED2BC212DBE7400699ACC /* ViewController.swift */; };
		5C5ED2C0212DBE7400699ACC /* Main.storyboard in Resources */ = {isa = PBXBuildFile; fileRef = 5C5ED2BE212DBE7400699ACC /* Main.storyboard */; };
		5C5ED2C2212DBE7B00699ACC /* Assets.xcassets in Resources */ = {isa = PBXBuildFile; fileRef = 5C5ED2C1212DBE7B00699ACC /* Assets.xcassets */; };
		5C5ED2C5212DBE7B00699ACC /* LaunchScreen.storyboard in Resources */ = {isa = PBXBuildFile; fileRef = 5C5ED2C3212DBE7B00699ACC /* LaunchScreen.storyboard */; };
		5C5ED2CD212DC49500699ACC /* GameScene.swift in Sources */ = {isa = PBXBuildFile; fileRef = 5C5ED2CC212DC49500699ACC /* GameScene.swift */; };
		5C5ED2D02130961B00699ACC /* AVFoundation.framework in Frameworks */ = {isa = PBXBuildFile; fileRef = 5C5ED2CF2130961A00699ACC /* AVFoundation.framework */; };
		5C5ED2D221309C2A00699ACC /* itemSound.mp3 in Resources */ = {isa = PBXBuildFile; fileRef = 5C5ED2D121309C2A00699ACC /* itemSound.mp3 */; };
		5C5ED2D52130B26400699ACC /* attackSound.mp3 in Resources */ = {isa = PBXBuildFile; fileRef = 5C5ED2D32130B26300699ACC /* attackSound.mp3 */; };
		5C5ED2D62130B26400699ACC /* flappyBgm.mp3 in Resources */ = {isa = PBXBuildFile; fileRef = 5C5ED2D42130B26300699ACC /* flappyBgm.mp3 */; };
/* End PBXBuildFile section */

/* Begin PBXFileReference section */
		5C5ED2B7212DBE7400699ACC /* FlappyBird.app */ = {isa = PBXFileReference; explicitFileType = wrapper.application; includeInIndex = 0; path = FlappyBird.app; sourceTree = BUILT_PRODUCTS_DIR; };
		5C5ED2BA212DBE7400699ACC /* AppDelegate.swift */ = {isa = PBXFileReference; lastKnownFileType = sourcecode.swift; path = AppDelegate.swift; sourceTree = "<group>"; };
		5C5ED2BC212DBE7400699ACC /* ViewController.swift */ = {isa = PBXFileReference; lastKnownFileType = sourcecode.swift; path = ViewController.swift; sourceTree = "<group>"; };
		5C5ED2BF212DBE7400699ACC /* Base */ = {isa = PBXFileReference; lastKnownFileType = file.storyboard; name = Base; path = Base.lproj/Main.storyboard; sourceTree = "<group>"; };
		5C5ED2C1212DBE7B00699ACC /* Assets.xcassets */ = {isa = PBXFileReference; lastKnownFileType = folder.assetcatalog; path = Assets.xcassets; sourceTree = "<group>"; };
		5C5ED2C4212DBE7B00699ACC /* Base */ = {isa = PBXFileReference; lastKnownFileType = file.storyboard; name = Base; path = Base.lproj/LaunchScreen.storyboard; sourceTree = "<group>"; };
		5C5ED2C6212DBE7B00699ACC /* Info.plist */ = {isa = PBXFileReference; lastKnownFileType = text.plist.xml; path = Info.plist; sourceTree = "<group>"; };
		5C5ED2CC212DC49500699ACC /* GameScene.swift */ = {isa = PBXFileReference; lastKnownFileType = sourcecode.swift; path = GameScene.swift; sourceTree = "<group>"; };
		5C5ED2CF2130961A00699ACC /* AVFoundation.framework */ = {isa = PBXFileReference; lastKnownFileType = wrapper.framework; name = AVFoundation.framework; path = System/Library/Frameworks/AVFoundation.framework; sourceTree = SDKROOT; };
		5C5ED2D121309C2A00699ACC /* itemSound.mp3 */ = {isa = PBXFileReference; lastKnownFileType = audio.mp3; path = itemSound.mp3; sourceTree = "<group>"; };
		5C5ED2D32130B26300699ACC /* attackSound.mp3 */ = {isa = PBXFileReference; lastKnownFileType = audio.mp3; path = attackSound.mp3; sourceTree = "<group>"; };
		5C5ED2D42130B26300699ACC /* flappyBgm.mp3 */ = {isa = PBXFileReference; lastKnownFileType = audio.mp3; path = flappyBgm.mp3; sourceTree = "<group>"; };
/* End PBXFileReference section */

/* Begin PBXFrameworksBuildPhase section */
		5C5ED2B4212DBE7400699ACC /* Frameworks */ = {
			isa = PBXFrameworksBuildPhase;
			buildActionMask = 2147483647;
			files = (
				5C5ED2D02130961B00699ACC /* AVFoundation.framework in Frameworks */,
			);
			runOnlyForDeploymentPostprocessing = 0;
		};
/* End PBXFrameworksBuildPhase section */

/* Begin PBXGroup section */
		5C5ED2AE212DBE7400699ACC = {
			isa = PBXGroup;
			children = (
				5C5ED2CC212DC49500699ACC /* GameScene.swift */,
				5C5ED2D121309C2A00699ACC /* itemSound.mp3 */,
				5C5ED2D32130B26300699ACC /* attackSound.mp3 */,
				5C5ED2D42130B26300699ACC /* flappyBgm.mp3 */,
				5C5ED2B9212DBE7400699ACC /* FlappyBird */,
				5C5ED2B8212DBE7400699ACC /* Products */,
				5C5ED2CE2130961A00699ACC /* Frameworks */,
			);
			sourceTree = "<group>";
		};
		5C5ED2B8212DBE7400699ACC /* Products */ = {
			isa = PBXGroup;
			children = (
				5C5ED2B7212DBE7400699ACC /* FlappyBird.app */,
			);
			name = Products;
			sourceTree = "<group>";
		};
		5C5ED2B9212DBE7400699ACC /* FlappyBird */ = {
			isa = PBXGroup;
			children = (
				5C5ED2BA212DBE7400699ACC /* AppDelegate.swift */,
				5C5ED2BC212DBE7400699ACC /* ViewController.swift */,
				5C5ED2BE212DBE7400699ACC /* Main.storyboard */,
				5C5ED2C1212DBE7B00699ACC /* Assets.xcassets */,
				5C5ED2C3212DBE7B00699ACC /* LaunchScreen.storyboard */,
				5C5ED2C6212DBE7B00699ACC /* Info.plist */,
			);
			path = FlappyBird;
			sourceTree = "<group>";
		};
		5C5ED2CE2130961A00699ACC /* Frameworks */ = {
			isa = PBXGroup;
			children = (
				5C5ED2CF2130961A00699ACC /* AVFoundation.framework */,
			);
			name = Frameworks;
			sourceTree = "<group>";
		};
/* End PBXGroup section */

/* Begin PBXNativeTarget section */
		5C5ED2B6212DBE7400699ACC /* FlappyBird */ = {
			isa = PBXNativeTarget;
			buildConfigurationList = 5C5ED2C9212DBE7B00699ACC /* Build configuration list for PBXNativeTarget "FlappyBird" */;
			buildPhases = (
				5C5ED2B3212DBE7400699ACC /* Sources */,
				5C5ED2B4212DBE7400699ACC /* Frameworks */,
				5C5ED2B5212DBE7400699ACC /* Resources */,
			);
			buildRules = (
			);
			dependencies = (
			);
			name = FlappyBird;
			productName = FlappyBird;
			productReference = 5C5ED2B7212DBE7400699ACC /* FlappyBird.app */;
			productType = "com.apple.product-type.application";
		};
/* End PBXNativeTarget section */

/* Begin PBXProject section */
		5C5ED2AF212DBE7400699ACC /* Project object */ = {
			isa = PBXProject;
			attributes = {
				LastSwiftUpdateCheck = 0940;
				LastUpgradeCheck = 0940;
				ORGANIZATIONNAME = shouta.nishizawa;
				TargetAttributes = {
					5C5ED2B6212DBE7400699ACC = {
						CreatedOnToolsVersion = 9.4.1;
					};
				};
			};
			buildConfigurationList = 5C5ED2B2212DBE7400699ACC /* Build configuration list for PBXProject "FlappyBird" */;
			compatibilityVersion = "Xcode 9.3";
			developmentRegion = en;
			hasScannedForEncodings = 0;
			knownRegions = (
				en,
				Base,
			);
			mainGroup = 5C5ED2AE212DBE7400699ACC;
			productRefGroup = 5C5ED2B8212DBE7400699ACC /* Products */;
			projectDirPath = "";
			projectRoot = "";
			targets = (
				5C5ED2B6212DBE7400699ACC /* FlappyBird */,
			);
		};
/* End PBXProject section */

/* Begin PBXResourcesBuildPhase section */
		5C5ED2B5212DBE7400699ACC /* Resources */ = {
			isa = PBXResourcesBuildPhase;
			buildActionMask = 2147483647;
			files = (
				5C5ED2D52130B26400699ACC /* attackSound.mp3 in Resources */,
				5C5ED2C5212DBE7B00699ACC /* LaunchScreen.storyboard in Resources */,
				5C5ED2C2212DBE7B00699ACC /* Assets.xcassets in Resources */,
				5C5ED2D62130B26400699ACC /* flappyBgm.mp3 in Resources */,
				5C5ED2C0212DBE7400699ACC /* Main.storyboard in Resources */,
				5C5ED2D221309C2A00699ACC /* itemSound.mp3 in Resources */,
			);
			runOnlyForDeploymentPostprocessing = 0;
		};
/* End PBXResourcesBuildPhase section */

/* Begin PBXSourcesBuildPhase section */
		5C5ED2B3212DBE7400699ACC /* Sources */ = {
			isa = PBXSourcesBuildPhase;
			buildActionMask = 2147483647;
			files = (
				5C5ED2CD212DC49500699ACC /* GameScene.swift in Sources */,
				5C5ED2BD212DBE7400699ACC /* ViewController.swift in Sources */,
				5C5ED2BB212DBE7400699ACC /* AppDelegate.swift in Sources */,
			);
			runOnlyForDeploymentPostprocessing = 0;
		};
/* End PBXSourcesBuildPhase section */

/* Begin PBXVariantGroup section */
		5C5ED2BE212DBE7400699ACC /* Main.storyboard */ = {
			isa = PBXVariantGroup;
			children = (
				5C5ED2BF212DBE7400699ACC /* Base */,
			);
			name = Main.storyboard;
			sourceTree = "<group>";
		};
		5C5ED2C3212DBE7B00699ACC /* LaunchScreen.storyboard */ = {
			isa = PBXVariantGroup;
			children = (
				5C5ED2C4212DBE7B00699ACC /* Base */,
			);
			name = LaunchScreen.storyboard;
			sourceTree = "<group>";
		};
/* End PBXVariantGroup section */

/* Begin XCBuildConfiguration section */
		5C5ED2C7212DBE7B00699ACC /* Debug */ = {
			isa = XCBuildConfiguration;
			buildSettings = {
				ALWAYS_SEARCH_USER_PATHS = NO;
				CLANG_ANALYZER_NONNULL = YES;
				CLANG_ANALYZER_NUMBER_OBJECT_CONVERSION = YES_AGGRESSIVE;
				CLANG_CXX_LANGUAGE_STANDARD = "gnu++14";
				CLANG_CXX_LIBRARY = "libc++";
				CLANG_ENABLE_MODULES = YES;
				CLANG_ENABLE_OBJC_ARC = YES;
				CLANG_ENABLE_OBJC_WEAK = YES;
				CLANG_WARN_BLOCK_CAPTURE_AUTORELEASING = YES;
				CLANG_WARN_BOOL_CONVERSION = YES;
				CLANG_WARN_COMMA = YES;
				CLANG_WARN_CONSTANT_CONVERSION = YES;
				CLANG_WARN_DEPRECATED_OBJC_IMPLEMENTATIONS = YES;
				CLANG_WARN_DIRECT_OBJC_ISA_USAGE = YES_ERROR;
				CLANG_WARN_DOCUMENTATION_COMMENTS = YES;
				CLANG_WARN_EMPTY_BODY = YES;
				CLANG_WARN_ENUM_CONVERSION = YES;
				CLANG_WARN_INFINITE_RECURSION = YES;
				CLANG_WARN_INT_CONVERSION = YES;
				CLANG_WARN_NON_LITERAL_NULL_CONVERSION = YES;
				CLANG_WARN_OBJC_IMPLICIT_RETAIN_SELF = YES;
				CLANG_WARN_OBJC_LITERAL_CONVERSION = YES;
				CLANG_WARN_OBJC_ROOT_CLASS = YES_ERROR;
				CLANG_WARN_RANGE_LOOP_ANALYSIS = YES;
				CLANG_WARN_STRICT_PROTOTYPES = YES;
				CLANG_WARN_SUSPICIOUS_MOVE = YES;
				CLANG_WARN_UNGUARDED_AVAILABILITY = YES_AGGRESSIVE;
				CLANG_WARN_UNREACHABLE_CODE = YES;
				CLANG_WARN__DUPLICATE_METHOD_MATCH = YES;
				CODE_SIGN_IDENTITY = "iPhone Developer";
				COPY_PHASE_STRIP = NO;
				DEBUG_INFORMATION_FORMAT = dwarf;
				ENABLE_STRICT_OBJC_MSGSEND = YES;
				ENABLE_TESTABILITY = YES;
				GCC_C_LANGUAGE_STANDARD = gnu11;
				GCC_DYNAMIC_NO_PIC = NO;
				GCC_NO_COMMON_BLOCKS = YES;
				GCC_OPTIMIZATION_LEVEL = 0;
				GCC_PREPROCESSOR_DEFINITIONS = (
					"DEBUG=1",
					"$(inherited)",
				);
				GCC_WARN_64_TO_32_BIT_CONVERSION = YES;
				GCC_WARN_ABOUT_RETURN_TYPE = YES_ERROR;
				GCC_WARN_UNDECLARED_SELECTOR = YES;
				GCC_WARN_UNINITIALIZED_AUTOS = YES_AGGRESSIVE;
				GCC_WARN_UNUSED_FUNCTION = YES;
				GCC_WARN_UNUSED_VARIABLE = YES;
				IPHONEOS_DEPLOYMENT_TARGET = 11.4;
				MTL_ENABLE_DEBUG_INFO = YES;
				ONLY_ACTIVE_ARCH = YES;
				SDKROOT = iphoneos;
				SWIFT_ACTIVE_COMPILATION_CONDITIONS = DEBUG;
				SWIFT_OPTIMIZATION_LEVEL = "-Onone";
			};
			name = Debug;
		};
		5C5ED2C8212DBE7B00699ACC /* Release */ = {
			isa = XCBuildConfiguration;
			buildSettings = {
				ALWAYS_SEARCH_USER_PATHS = NO;
				CLANG_ANALYZER_NONNULL = YES;
				CLANG_ANALYZER_NUMBER_OBJECT_CONVERSION = YES_AGGRESSIVE;
				CLANG_CXX_LANGUAGE_STANDARD = "gnu++14";
				CLANG_CXX_LIBRARY = "libc++";
				CLANG_ENABLE_MODULES = YES;
				CLANG_ENABLE_OBJC_ARC = YES;
				CLANG_ENABLE_OBJC_WEAK = YES;
				CLANG_WARN_BLOCK_CAPTURE_AUTORELEASING = YES;
				CLANG_WARN_BOOL_CONVERSION = YES;
				CLANG_WARN_COMMA = YES;
				CLANG_WARN_CONSTANT_CONVERSION = YES;
				CLANG_WARN_DEPRECATED_OBJC_IMPLEMENTATIONS = YES;
				CLANG_WARN_DIRECT_OBJC_ISA_USAGE = YES_ERROR;
				CLANG_WARN_DOCUMENTATION_COMMENTS = YES;
				CLANG_WARN_EMPTY_BODY = YES;
				CLANG_WARN_ENUM_CONVERSION = YES;
				CLANG_WARN_INFINITE_RECURSION = YES;
				CLANG_WARN_INT_CONVERSION = YES;
				CLANG_WARN_NON_LITERAL_NULL_CONVERSION = YES;
				CLANG_WARN_OBJC_IMPLICIT_RETAIN_SELF = YES;
				CLANG_WARN_OBJC_LITERAL_CONVERSION = YES;
				CLANG_WARN_OBJC_ROOT_CLASS = YES_ERROR;
				CLANG_WARN_RANGE_LOOP_ANALYSIS = YES;
				CLANG_WARN_STRICT_PROTOTYPES = YES;
				CLANG_WARN_SUSPICIOUS_MOVE = YES;
				CLANG_WARN_UNGUARDED_AVAILABILITY = YES_AGGRESSIVE;
				CLANG_WARN_UNREACHABLE_CODE = YES;
				CLANG_WARN__DUPLICATE_METHOD_MATCH = YES;
				CODE_SIGN_IDENTITY = "iPhone Developer";
				COPY_PHASE_STRIP = NO;
				DEBUG_INFORMATION_FORMAT = "dwarf-with-dsym";
				ENABLE_NS_ASSERTIONS = NO;
				ENABLE_STRICT_OBJC_MSGSEND = YES;
				GCC_C_LANGUAGE_STANDARD = gnu11;
				GCC_NO_COMMON_BLOCKS = YES;
				GCC_WARN_64_TO_32_BIT_CONVERSION = YES;
				GCC_WARN_ABOUT_RETURN_TYPE = YES_ERROR;
				GCC_WARN_UNDECLARED_SELECTOR = YES;
				GCC_WARN_UNINITIALIZED_AUTOS = YES_AGGRESSIVE;
				GCC_WARN_UNUSED_FUNCTION = YES;
				GCC_WARN_UNUSED_VARIABLE = YES;
				IPHONEOS_DEPLOYMENT_TARGET = 11.4;
				MTL_ENABLE_DEBUG_INFO = NO;
				SDKROOT = iphoneos;
				SWIFT_COMPILATION_MODE = wholemodule;
				SWIFT_OPTIMIZATION_LEVEL = "-O";
				VALIDATE_PRODUCT = YES;
			};
			name = Release;
		};
		5C5ED2CA212DBE7B00699ACC /* Debug */ = {
			isa = XCBuildConfiguration;
			buildSettings = {
				ASSETCATALOG_COMPILER_APPICON_NAME = AppIcon;
				CODE_SIGN_STYLE = Automatic;
				DEVELOPMENT_TEAM = 523WDM2D3U;
				INFOPLIST_FILE = FlappyBird/Info.plist;
				LD_RUNPATH_SEARCH_PATHS = (
					"$(inherited)",
					"@executable_path/Frameworks",
				);
				PRODUCT_BUNDLE_IDENTIFIER = jp.techacademy.shouta.nishizawa.FlappyBird;
				PRODUCT_NAME = "$(TARGET_NAME)";
				SWIFT_VERSION = 4.0;
				TARGETED_DEVICE_FAMILY = 1;
			};
			name = Debug;
		};
		5C5ED2CB212DBE7B00699ACC /* Release */ = {
			isa = XCBuildConfiguration;
			buildSettings = {
				ASSETCATALOG_COMPILER_APPICON_NAME = AppIcon;
				CODE_SIGN_STYLE = Automatic;
				DEVELOPMENT_TEAM = 523WDM2D3U;
				INFOPLIST_FILE = FlappyBird/Info.plist;
				LD_RUNPATH_SEARCH_PATHS = (
					"$(inherited)",
					"@executable_path/Frameworks",
				);
				PRODUCT_BUNDLE_IDENTIFIER = jp.techacademy.shouta.nishizawa.FlappyBird;
				PRODUCT_NAME = "$(TARGET_NAME)";
				SWIFT_VERSION = 4.0;
				TARGETED_DEVICE_FAMILY = 1;
			};
			name = Release;
		};
/* End XCBuildConfiguration section */

/* Begin XCConfigurationList section */
		5C5ED2B2212DBE7400699ACC /* Build configuration list for PBXProject "FlappyBird" */ = {
			isa = XCConfigurationList;
			buildConfigurations = (
				5C5ED2C7212DBE7B00699ACC /* Debug */,
				5C5ED2C8212DBE7B00699ACC /* Release */,
			);
			defaultConfigurationIsVisible = 0;
			defaultConfigurationName = Release;
		};
		5C5ED2C9212DBE7B00699ACC /* Build configuration list for PBXNativeTarget "FlappyBird" */ = {
			isa = XCConfigurationList;
			buildConfigurations = (
				5C5ED2CA212DBE7B00699ACC /* Debug */,
				5C5ED2CB212DBE7B00699ACC /* Release */,
			);
			defaultConfigurationIsVisible = 0;
			defaultConfigurationName = Release;
		};
/* End XCConfigurationList section */
	};
	rootObject = 5C5ED2AF212DBE7400699ACC /* Project object */;
}
